
Microsoft Visual Studio Solution File, Format Version 12.00
# Visual Studio Version 17
VisualStudioVersion = 17.11.35222.181
MinimumVisualStudioVersion = 10.0.40219.1
Project("{FAE04EC0-301F-11D3-BF4B-00C04F79EFBC}") = "Laboratorio19-1", "Laboratorio19-1\Laboratorio19-1.csproj", "{905B6179-1A22-48FD-9A57-DA5EDCBF0145}"
EndProject
Project("{FAE04EC0-301F-11D3-BF4B-00C04F79EFBC}") = "Laboratorio19_2", "Laboratorio19_2\Laboratorio19_2.csproj", "{FC9F942E-7DBC-48DE-BEEF-65375E48B089}"
EndProject
Global
	GlobalSection(SolutionConfigurationPlatforms) = preSolution
		Debug|Any CPU = Debug|Any CPU
		Release|Any CPU = Release|Any CPU
	EndGlobalSection
	GlobalSection(ProjectConfigurationPlatforms) = postSolution
		{905B6179-1A22-48FD-9A57-DA5EDCBF0145}.Debug|Any CPU.ActiveCfg = Debug|Any CPU
		{905B6179-1A22-48FD-9A57-DA5EDCBF0145}.Debug|Any CPU.Build.0 = Debug|Any CPU
		{905B6179-1A22-48FD-9A57-DA5EDCBF0145}.Release|Any CPU.ActiveCfg = Release|Any CPU
		{905B6179-1A22-48FD-9A57-DA5EDCBF0145}.Release|Any CPU.Build.0 = Release|Any CPU
		{FC9F942E-7DBC-48DE-BEEF-65375E48B089}.Debug|Any CPU.ActiveCfg = Debug|Any CPU
		{FC9F942E-7DBC-48DE-BEEF-65375E48B089}.Debug|Any CPU.Build.0 = Debug|Any CPU
		{FC9F942E-7DBC-48DE-BEEF-65375E48B089}.Release|Any CPU.ActiveCfg = Release|Any CPU
		{FC9F942E-7DBC-48DE-BEEF-65375E48B089}.Release|Any CPU.Build.0 = Release|Any CPU
	EndGlobalSection
	GlobalSection(SolutionProperties) = preSolution
		HideSolutionNode = FALSE
	EndGlobalSection
	GlobalSection(ExtensibilityGlobals) = postSolution
		SolutionGuid = {05F5F969-78A8-463A-9BF7-0B3848A5C6AA}
	EndGlobalSection
EndGlobal
